
Microsoft Visual Studio Solution File, Format Version 12.00
# Visual Studio Version 16
VisualStudioVersion = 16.0.32428.217
MinimumVisualStudioVersion = 10.0.40219.1
Project("{FAE04EC0-301F-11D3-BF4B-00C04F79EFBC}") = "SeccionDelegados", "SeccionDelegados\SeccionDelegados.csproj", "{285EF172-DBE0-4128-A685-CFC56C8A1BFF}"
EndProject
Global
	GlobalSection(SolutionConfigurationPlatforms) = preSolution
		Debug|Any CPU = Debug|Any CPU
		Release|Any CPU = Release|Any CPU
	EndGlobalSection
	GlobalSection(ProjectConfigurationPlatforms) = postSolution
		{285EF172-DBE0-4128-A685-CFC56C8A1BFF}.Debug|Any CPU.ActiveCfg = Debug|Any CPU
		{285EF172-DBE0-4128-A685-CFC56C8A1BFF}.Debug|Any CPU.Build.0 = Debug|Any CPU
		{285EF172-DBE0-4128-A685-CFC56C8A1BFF}.Release|Any CPU.ActiveCfg = Release|Any CPU
		{285EF172-DBE0-4128-A685-CFC56C8A1BFF}.Release|Any CPU.Build.0 = Release|Any CPU
	EndGlobalSection
	GlobalSection(SolutionProperties) = preSolution
		HideSolutionNode = FALSE
	EndGlobalSection
	GlobalSection(ExtensibilityGlobals) = postSolution
		SolutionGuid = {D2911D05-877D-42CE-9727-662334BA88E3}
	EndGlobalSection
EndGlobal
